{
  "name": "repos-spellchecker",
  "version": "1.0.0",
  "lockfileVersion": 1,
  "requires": true,
  "dependencies": {
    "any-promise": {
      "version": "1.3.0",
      "resolved": "https://registry.npmjs.org/any-promise/-/any-promise-1.3.0.tgz",
      "integrity": "sha1-q8av7tzqUugJzcA3au0845Y10X8="
    },
    "nan": {
      "version": "2.15.0",
      "resolved": "https://registry.npmjs.org/nan/-/nan-2.15.0.tgz",
      "integrity": "sha512-8ZtvEnA2c5aYCZYd1cvgdnU6cqwixRoYg70xPLWUws5ORTa/lnw+u4amixRS/Ac5U5mQVgp9pnlSUnbNWFaWZQ=="
    },
    "spellchecker": {
      "version": "3.7.1",
      "resolved": "https://registry.npmjs.org/spellchecker/-/spellchecker-3.7.1.tgz",
      "integrity": "sha512-j36QRZrekxPXy58fo2B/Le3GzHryLv9Zq2Hqz907+JmUBCP35tJlwwhCo4n1lwisBDK40IFHqEHPUe5gwUkpwA==",
      "requires": {
        "any-promise": "^1.3.0",
        "nan": "^2.14.0"
      }
    }
  }
}
